
Microsoft Visual Studio Solution File, Format Version 12.00
# Visual Studio Version 17
VisualStudioVersion = 17.14.36127.28 d17.14
MinimumVisualStudioVersion = 10.0.40219.1
Project("{FAE04EC0-301F-11D3-BF4B-00C04F79EFBC}") = "RudolfApp", "RudolfApp\RudolfApp.csproj", "{3B40072E-59BF-4611-89FC-ADFA4C68ACAB}"
EndProject
Project("{8BC9CEB8-8B4A-11D0-8D11-00A0C91BC942}") = "RudolfLib", "RudolfLib\RudolfLib.vcxproj", "{362B73DB-A7A0-4ECF-B4F8-B182F043F1CA}"
EndProject
Global
	GlobalSection(SolutionConfigurationPlatforms) = preSolution
		Debug|Any CPU = Debug|Any CPU
		Debug|x64 = Debug|x64
		Debug|x86 = Debug|x86
		Release|Any CPU = Release|Any CPU
		Release|x64 = Release|x64
		Release|x86 = Release|x86
	EndGlobalSection
	GlobalSection(ProjectConfigurationPlatforms) = postSolution
		{3B40072E-59BF-4611-89FC-ADFA4C68ACAB}.Debug|Any CPU.ActiveCfg = Debug|Any CPU
		{3B40072E-59BF-4611-89FC-ADFA4C68ACAB}.Debug|Any CPU.Build.0 = Debug|Any CPU
		{3B40072E-59BF-4611-89FC-ADFA4C68ACAB}.Debug|x64.ActiveCfg = Debug|Any CPU
		{3B40072E-59BF-4611-89FC-ADFA4C68ACAB}.Debug|x64.Build.0 = Debug|Any CPU
		{3B40072E-59BF-4611-89FC-ADFA4C68ACAB}.Debug|x86.ActiveCfg = Debug|Any CPU
		{3B40072E-59BF-4611-89FC-ADFA4C68ACAB}.Debug|x86.Build.0 = Debug|Any CPU
		{3B40072E-59BF-4611-89FC-ADFA4C68ACAB}.Release|Any CPU.ActiveCfg = Release|Any CPU
		{3B40072E-59BF-4611-89FC-ADFA4C68ACAB}.Release|Any CPU.Build.0 = Release|Any CPU
		{3B40072E-59BF-4611-89FC-ADFA4C68ACAB}.Release|x64.ActiveCfg = Release|Any CPU
		{3B40072E-59BF-4611-89FC-ADFA4C68ACAB}.Release|x64.Build.0 = Release|Any CPU
		{3B40072E-59BF-4611-89FC-ADFA4C68ACAB}.Release|x86.ActiveCfg = Release|Any CPU
		{3B40072E-59BF-4611-89FC-ADFA4C68ACAB}.Release|x86.Build.0 = Release|Any CPU
		{362B73DB-A7A0-4ECF-B4F8-B182F043F1CA}.Debug|Any CPU.ActiveCfg = Debug|x64
		{362B73DB-A7A0-4ECF-B4F8-B182F043F1CA}.Debug|Any CPU.Build.0 = Debug|x64
		{362B73DB-A7A0-4ECF-B4F8-B182F043F1CA}.Debug|x64.ActiveCfg = Debug|x64
		{362B73DB-A7A0-4ECF-B4F8-B182F043F1CA}.Debug|x64.Build.0 = Debug|x64
		{362B73DB-A7A0-4ECF-B4F8-B182F043F1CA}.Debug|x86.ActiveCfg = Debug|Win32
		{362B73DB-A7A0-4ECF-B4F8-B182F043F1CA}.Debug|x86.Build.0 = Debug|Win32
		{362B73DB-A7A0-4ECF-B4F8-B182F043F1CA}.Release|Any CPU.ActiveCfg = Release|x64
		{362B73DB-A7A0-4ECF-B4F8-B182F043F1CA}.Release|Any CPU.Build.0 = Release|x64
		{362B73DB-A7A0-4ECF-B4F8-B182F043F1CA}.Release|x64.ActiveCfg = Release|x64
		{362B73DB-A7A0-4ECF-B4F8-B182F043F1CA}.Release|x64.Build.0 = Release|x64
		{362B73DB-A7A0-4ECF-B4F8-B182F043F1CA}.Release|x86.ActiveCfg = Release|Win32
		{362B73DB-A7A0-4ECF-B4F8-B182F043F1CA}.Release|x86.Build.0 = Release|Win32
	EndGlobalSection
	GlobalSection(SolutionProperties) = preSolution
		HideSolutionNode = FALSE
	EndGlobalSection
	GlobalSection(ExtensibilityGlobals) = postSolution
		SolutionGuid = {CBAA3CE6-F58B-4D6A-8989-05BBDC98EC28}
	EndGlobalSection
EndGlobal
