
Microsoft Visual Studio Solution File, Format Version 12.00
# Visual Studio Version 17
VisualStudioVersion = 17.14.36127.28 d17.14
MinimumVisualStudioVersion = 10.0.40219.1
Project("{FAE04EC0-301F-11D3-BF4B-00C04F79EFBC}") = "RudolfApp", "RudolfApp\RudolfApp.csproj", "{3B40072E-59BF-4611-89FC-ADFA4C68ACAB}"
EndProject
Global
	GlobalSection(SolutionConfigurationPlatforms) = preSolution
		Debug|Any CPU = Debug|Any CPU
		Release|Any CPU = Release|Any CPU
	EndGlobalSection
	GlobalSection(ProjectConfigurationPlatforms) = postSolution
		{3B40072E-59BF-4611-89FC-ADFA4C68ACAB}.Debug|Any CPU.ActiveCfg = Debug|Any CPU
		{3B40072E-59BF-4611-89FC-ADFA4C68ACAB}.Debug|Any CPU.Build.0 = Debug|Any CPU
		{3B40072E-59BF-4611-89FC-ADFA4C68ACAB}.Release|Any CPU.ActiveCfg = Release|Any CPU
		{3B40072E-59BF-4611-89FC-ADFA4C68ACAB}.Release|Any CPU.Build.0 = Release|Any CPU
	EndGlobalSection
	GlobalSection(SolutionProperties) = preSolution
		HideSolutionNode = FALSE
	EndGlobalSection
	GlobalSection(ExtensibilityGlobals) = postSolution
		SolutionGuid = {CBAA3CE6-F58B-4D6A-8989-05BBDC98EC28}
	EndGlobalSection
EndGlobal
